
Microsoft Visual Studio Solution File, Format Version 12.00
# Visual Studio Version 17
VisualStudioVersion = 17.0.32014.148
MinimumVisualStudioVersion = 10.0.40219.1
Project("{9A19103F-16F7-4668-BE54-9A1E7A4F7556}") = "Inventory.Modern.ConsoleApp", "Inventory.Modern.ConsoleApp\Inventory.Modern.ConsoleApp.csproj", "{8E39011E-50BB-4167-9872-1990A2CAD75C}"
EndProject
Global
	GlobalSection(SolutionConfigurationPlatforms) = preSolution
		Debug|Any CPU = Debug|Any CPU
		Release|Any CPU = Release|Any CPU
	EndGlobalSection
	GlobalSection(ProjectConfigurationPlatforms) = postSolution
		{8E39011E-50BB-4167-9872-1990A2CAD75C}.Debug|Any CPU.ActiveCfg = Debug|Any CPU
		{8E39011E-50BB-4167-9872-1990A2CAD75C}.Debug|Any CPU.Build.0 = Debug|Any CPU
		{8E39011E-50BB-4167-9872-1990A2CAD75C}.Release|Any CPU.ActiveCfg = Release|Any CPU
		{8E39011E-50BB-4167-9872-1990A2CAD75C}.Release|Any CPU.Build.0 = Release|Any CPU
	EndGlobalSection
	GlobalSection(SolutionProperties) = preSolution
		HideSolutionNode = FALSE
	EndGlobalSection
	GlobalSection(ExtensibilityGlobals) = postSolution
		SolutionGuid = {26E896BF-EC91-4AF6-87C5-93E7B689404A}
	EndGlobalSection
EndGlobal
